github.com/google/uuid v1.6.0 h1:NIvaJDMOsjHA8n1jAhLSgzrAzy1Hgr+hNrb57e+94F0=
github.com/google/uuid v1.6.0/go.mod h1:TIyPZe4MgqvfeYDBFedMoGGpEw/LqOeaOT+nhxU+yHo=
github.com/nova-chat/novaproto v0.0.0-20260415105414-be45f32dbccf h1:Y+5xFUvAwB7ZLusJT1fjyY3HoADKoSGePE6SiRHQ1WI=
github.com/nova-chat/novaproto v0.0.0-20260415105414-be45f32dbccf/go.mod h1:4sTnhGDNF12RKbwtigebyaCTmXDipa83GhXwlSCdyf0=
github.com/nova-chat/novaproto v1.0.2 h1:gYm2sz90Yuu1hZ5pRUtk2DJND7I8DGo7a8p1W4KrCCk=
github.com/nova-chat/novaproto v1.0.2/go.mod h1:4sTnhGDNF12RKbwtigebyaCTmXDipa83GhXwlSCdyf0=
github.com/nova-chat/novaproto v1.0.3 h1:lBQ05Xlw3hngCWExDpTvukioKCtPMu3hSKLc02vCmGs=
github.com/nova-chat/novaproto v1.0.3/go.mod h1:4sTnhGDNF12RKbwtigebyaCTmXDipa83GhXwlSCdyf0=
github.com/nova-chat/novaproto v1.0.4 h1:nugiVln/4Im2i/30SapoMqGdvwm50X7MJKWX7wKPAsg=
github.com/nova-chat/novaproto v1.0.4/go.mod h1:4sTnhGDNF12RKbwtigebyaCTmXDipa83GhXwlSCdyf0=
github.com/nova-chat/novaproto v1.0.5 h1:WkSyENEWJ+fliYM2GPvmno/4UDvtSdTj36ubYXH4th0=
github.com/nova-chat/novaproto v1.0.5/go.mod h1:4sTnhGDNF12RKbwtigebyaCTmXDipa83GhXwlSCdyf0=
github.com/nova-chat/novaproto v1.0.6 h1:oInGYDi2b2jVx2BH3DVYApvIdFKb+8w6eobp/vzgRMM=
github.com/nova-chat/novaproto v1.0.6/go.mod h1:4sTnhGDNF12RKbwtigebyaCTmXDipa83GhXwlSCdyf0=
github.com/nova-chat/novaproto v1.0.7 h1:Zozz84hqCVykbtqZEcXerR5lwAJ+gtVS7abRRW3uUcM=
github.com/nova-chat/novaproto v1.0.7/go.mod h1:4sTnhGDNF12RKbwtigebyaCTmXDipa83GhXwlSCdyf0=
github.com/nova-chat/novaproto v1.0.8 h1:hdJI7jJ3XbWCJCJgoQXeEu6qcO/IJR7LfQpv+R4/DxY=
github.com/nova-chat/novaproto v1.0.8/go.mod h1:4sTnhGDNF12RKbwtigebyaCTmXDipa83GhXwlSCdyf0=
github.com/nova-chat/novaproto v1.0.9 h1:zw5Fd2G91xxZBhIawvWBE7jXldNnmF1sBcPPeoWxB7A=
github.com/nova-chat/novaproto v1.0.9/go.mod h1:4sTnhGDNF12RKbwtigebyaCTmXDipa83GhXwlSCdyf0=
github.com/nova-chat/novaproto v1.1.0 h1:9ElldSWrPQuMV1q8uZK6NUw3GZ3S1V2tgjdgJXhbQZE=
github.com/nova-chat/novaproto v1.1.0/go.mod h1:4sTnhGDNF12RKbwtigebyaCTmXDipa83GhXwlSCdyf0=
github.com/nova-chat/novaproto v1.2.0 h1:M2pmMBFfCvdw9hgt/ValFawff1bVfxsnMp7pjyU7GKk=
github.com/nova-chat/novaproto v1.2.0/go.mod h1:Fw5dLtOKvTBmOyVf6Gn2QUAE5tVvLA0blWEuG9gse4s=
